
Microsoft Visual Studio Solution File, Format Version 12.00
# Visual Studio Version 16
VisualStudioVersion = 16.0.31019.35
MinimumVisualStudioVersion = 10.0.40219.1
Project("{9A19103F-16F7-4668-BE54-9A1E7A4F7556}") = "Examiner.WEB", "Examiner\Examiner.WEB.csproj", "{32E36FA6-5579-45BD-BDEF-2061422F0ADA}"
EndProject
Project("{9A19103F-16F7-4668-BE54-9A1E7A4F7556}") = "Examiner.BLL", "Examiner.BLL\Examiner.BLL.csproj", "{6371A558-6E76-4A7F-ADCA-B39A2ECB356D}"
EndProject
Project("{9A19103F-16F7-4668-BE54-9A1E7A4F7556}") = "XUnitTestExaminer", "XUnitTestExaminer\XUnitTestExaminer.csproj", "{D494C981-5192-4301-8851-5BEB05B5851B}"
EndProject
Project("{9A19103F-16F7-4668-BE54-9A1E7A4F7556}") = "Examiner.DAL", "Examiner.DAL\Examiner.DAL.csproj", "{2F450EEE-9FB3-42E5-A6F0-E901C678A346}"
EndProject
Global
	GlobalSection(SolutionConfigurationPlatforms) = preSolution
		Debug|Any CPU = Debug|Any CPU
		Release|Any CPU = Release|Any CPU
	EndGlobalSection
	GlobalSection(ProjectConfigurationPlatforms) = postSolution
		{32E36FA6-5579-45BD-BDEF-2061422F0ADA}.Debug|Any CPU.ActiveCfg = Debug|Any CPU
		{32E36FA6-5579-45BD-BDEF-2061422F0ADA}.Debug|Any CPU.Build.0 = Debug|Any CPU
		{32E36FA6-5579-45BD-BDEF-2061422F0ADA}.Release|Any CPU.ActiveCfg = Release|Any CPU
		{32E36FA6-5579-45BD-BDEF-2061422F0ADA}.Release|Any CPU.Build.0 = Release|Any CPU
		{6371A558-6E76-4A7F-ADCA-B39A2ECB356D}.Debug|Any CPU.ActiveCfg = Debug|Any CPU
		{6371A558-6E76-4A7F-ADCA-B39A2ECB356D}.Debug|Any CPU.Build.0 = Debug|Any CPU
		{6371A558-6E76-4A7F-ADCA-B39A2ECB356D}.Release|Any CPU.ActiveCfg = Release|Any CPU
		{6371A558-6E76-4A7F-ADCA-B39A2ECB356D}.Release|Any CPU.Build.0 = Release|Any CPU
		{D494C981-5192-4301-8851-5BEB05B5851B}.Debug|Any CPU.ActiveCfg = Debug|Any CPU
		{D494C981-5192-4301-8851-5BEB05B5851B}.Debug|Any CPU.Build.0 = Debug|Any CPU
		{D494C981-5192-4301-8851-5BEB05B5851B}.Release|Any CPU.ActiveCfg = Release|Any CPU
		{D494C981-5192-4301-8851-5BEB05B5851B}.Release|Any CPU.Build.0 = Release|Any CPU
		{2F450EEE-9FB3-42E5-A6F0-E901C678A346}.Debug|Any CPU.ActiveCfg = Debug|Any CPU
		{2F450EEE-9FB3-42E5-A6F0-E901C678A346}.Debug|Any CPU.Build.0 = Debug|Any CPU
		{2F450EEE-9FB3-42E5-A6F0-E901C678A346}.Release|Any CPU.ActiveCfg = Release|Any CPU
		{2F450EEE-9FB3-42E5-A6F0-E901C678A346}.Release|Any CPU.Build.0 = Release|Any CPU
	EndGlobalSection
	GlobalSection(SolutionProperties) = preSolution
		HideSolutionNode = FALSE
	EndGlobalSection
	GlobalSection(ExtensibilityGlobals) = postSolution
		SolutionGuid = {BA6352B3-E826-4936-8CFB-B9BE7093D4D6}
	EndGlobalSection
EndGlobal
